
Microsoft Visual Studio Solution File, Format Version 12.00
# Visual Studio 15
VisualStudioVersion = 15.0.28010.2041
MinimumVisualStudioVersion = 10.0.40219.1
Project("{FAE04EC0-301F-11D3-BF4B-00C04F79EFBC}") = "Lab4 Toby Bly", "Lab4 Toby Bly\Lab4 Toby Bly.csproj", "{47C47E15-34BD-4326-B4E1-F857AA84635A}"
EndProject
Global
	GlobalSection(SolutionConfigurationPlatforms) = preSolution
		Debug|Any CPU = Debug|Any CPU
		Release|Any CPU = Release|Any CPU
	EndGlobalSection
	GlobalSection(ProjectConfigurationPlatforms) = postSolution
		{47C47E15-34BD-4326-B4E1-F857AA84635A}.Debug|Any CPU.ActiveCfg = Debug|Any CPU
		{47C47E15-34BD-4326-B4E1-F857AA84635A}.Debug|Any CPU.Build.0 = Debug|Any CPU
		{47C47E15-34BD-4326-B4E1-F857AA84635A}.Release|Any CPU.ActiveCfg = Release|Any CPU
		{47C47E15-34BD-4326-B4E1-F857AA84635A}.Release|Any CPU.Build.0 = Release|Any CPU
	EndGlobalSection
	GlobalSection(SolutionProperties) = preSolution
		HideSolutionNode = FALSE
	EndGlobalSection
	GlobalSection(ExtensibilityGlobals) = postSolution
		SolutionGuid = {1D0898B0-E80F-4AAA-AF39-176F156A2E96}
	EndGlobalSection
EndGlobal
